
Microsoft Visual Studio Solution File, Format Version 12.00
# Visual Studio Version 16
VisualStudioVersion = 16.0.29709.97
MinimumVisualStudioVersion = 10.0.40219.1
Project("{FAE04EC0-301F-11D3-BF4B-00C04F79EFBC}") = "SeleniumWebDriverTraining", "SeleniumWebDriverTraining\SeleniumWebDriverTraining.csproj", "{3402E717-F1BC-4FF5-B34C-AC2B540C4092}"
EndProject
Global
	GlobalSection(SolutionConfigurationPlatforms) = preSolution
		Debug|Any CPU = Debug|Any CPU
		Release|Any CPU = Release|Any CPU
	EndGlobalSection
	GlobalSection(ProjectConfigurationPlatforms) = postSolution
		{3402E717-F1BC-4FF5-B34C-AC2B540C4092}.Debug|Any CPU.ActiveCfg = Debug|Any CPU
		{3402E717-F1BC-4FF5-B34C-AC2B540C4092}.Debug|Any CPU.Build.0 = Debug|Any CPU
		{3402E717-F1BC-4FF5-B34C-AC2B540C4092}.Release|Any CPU.ActiveCfg = Release|Any CPU
		{3402E717-F1BC-4FF5-B34C-AC2B540C4092}.Release|Any CPU.Build.0 = Release|Any CPU
	EndGlobalSection
	GlobalSection(SolutionProperties) = preSolution
		HideSolutionNode = FALSE
	EndGlobalSection
	GlobalSection(ExtensibilityGlobals) = postSolution
		SolutionGuid = {CAC9A247-81FA-419A-928A-09D26444C15C}
	EndGlobalSection
EndGlobal
